
Microsoft Visual Studio Solution File, Format Version 12.00
# Visual Studio Version 17
VisualStudioVersion = 17.8.34511.84
MinimumVisualStudioVersion = 10.0.40219.1
Project("{FAE04EC0-301F-11D3-BF4B-00C04F79EFBC}") = "CommonUtilities", "CommonUtilities\CommonUtilities.csproj", "{45CBB1CE-BCF7-440C-99E0-6A7514D9B2B8}"
EndProject
Project("{FAE04EC0-301F-11D3-BF4B-00C04F79EFBC}") = "Domain", "Domain\Domain.csproj", "{0676D7EB-6BBB-4E08-ADB4-EF625F753856}"
EndProject
Project("{FAE04EC0-301F-11D3-BF4B-00C04F79EFBC}") = "Application", "Application\Application.csproj", "{E5B20410-675C-428E-9E81-E828BE7B25DB}"
EndProject
Project("{FAE04EC0-301F-11D3-BF4B-00C04F79EFBC}") = "Infrastructure", "Infrastructure\Infrastructure.csproj", "{A0765882-D1F7-4D25-AB40-CDDF4BFB74D7}"
EndProject
Global
	GlobalSection(SolutionConfigurationPlatforms) = preSolution
		Debug|Any CPU = Debug|Any CPU
		Release|Any CPU = Release|Any CPU
	EndGlobalSection
	GlobalSection(ProjectConfigurationPlatforms) = postSolution
		{45CBB1CE-BCF7-440C-99E0-6A7514D9B2B8}.Debug|Any CPU.ActiveCfg = Debug|Any CPU
		{45CBB1CE-BCF7-440C-99E0-6A7514D9B2B8}.Debug|Any CPU.Build.0 = Debug|Any CPU
		{45CBB1CE-BCF7-440C-99E0-6A7514D9B2B8}.Release|Any CPU.ActiveCfg = Release|Any CPU
		{45CBB1CE-BCF7-440C-99E0-6A7514D9B2B8}.Release|Any CPU.Build.0 = Release|Any CPU
		{0676D7EB-6BBB-4E08-ADB4-EF625F753856}.Debug|Any CPU.ActiveCfg = Debug|Any CPU
		{0676D7EB-6BBB-4E08-ADB4-EF625F753856}.Debug|Any CPU.Build.0 = Debug|Any CPU
		{0676D7EB-6BBB-4E08-ADB4-EF625F753856}.Release|Any CPU.ActiveCfg = Release|Any CPU
		{0676D7EB-6BBB-4E08-ADB4-EF625F753856}.Release|Any CPU.Build.0 = Release|Any CPU
		{E5B20410-675C-428E-9E81-E828BE7B25DB}.Debug|Any CPU.ActiveCfg = Debug|Any CPU
		{E5B20410-675C-428E-9E81-E828BE7B25DB}.Debug|Any CPU.Build.0 = Debug|Any CPU
		{E5B20410-675C-428E-9E81-E828BE7B25DB}.Release|Any CPU.ActiveCfg = Release|Any CPU
		{E5B20410-675C-428E-9E81-E828BE7B25DB}.Release|Any CPU.Build.0 = Release|Any CPU
		{A0765882-D1F7-4D25-AB40-CDDF4BFB74D7}.Debug|Any CPU.ActiveCfg = Debug|Any CPU
		{A0765882-D1F7-4D25-AB40-CDDF4BFB74D7}.Debug|Any CPU.Build.0 = Debug|Any CPU
		{A0765882-D1F7-4D25-AB40-CDDF4BFB74D7}.Release|Any CPU.ActiveCfg = Release|Any CPU
		{A0765882-D1F7-4D25-AB40-CDDF4BFB74D7}.Release|Any CPU.Build.0 = Release|Any CPU
	EndGlobalSection
	GlobalSection(SolutionProperties) = preSolution
		HideSolutionNode = FALSE
	EndGlobalSection
	GlobalSection(ExtensibilityGlobals) = postSolution
		SolutionGuid = {CEF64168-EA5B-40BA-9BA5-F53A73D96472}
	EndGlobalSection
EndGlobal
